
Microsoft Visual Studio Solution File, Format Version 12.00
# Visual Studio Version 17
VisualStudioVersion = 17.0.31611.283
MinimumVisualStudioVersion = 10.0.40219.1
Project("{9A19103F-16F7-4668-BE54-9A1E7A4F7556}") = "MatrixAnimation", "MatrixAnimation\MatrixAnimation.csproj", "{5A8010EC-21AF-41E0-BF1D-402EE70200EE}"
EndProject
Project("{9A19103F-16F7-4668-BE54-9A1E7A4F7556}") = "MatrixLib", "MatrixLib\MatrixLib.csproj", "{C5B7613D-2EE5-4880-8DF8-320E9CB926F0}"
EndProject
Project("{9A19103F-16F7-4668-BE54-9A1E7A4F7556}") = "MatrixMaker", "MatrixMaker\MatrixMaker.csproj", "{34AD2BD5-3F36-4C62-9504-A8987DED0B42}"
EndProject
Project("{FAE04EC0-301F-11D3-BF4B-00C04F79EFBC}") = "MauiMatrix", "MauiMatrix\MauiMatrix.csproj", "{C5E62329-DB15-42C8-800B-CAAFD4D6361A}"
EndProject
Global
	GlobalSection(SolutionConfigurationPlatforms) = preSolution
		Debug|Any CPU = Debug|Any CPU
		Release|Any CPU = Release|Any CPU
	EndGlobalSection
	GlobalSection(ProjectConfigurationPlatforms) = postSolution
		{5A8010EC-21AF-41E0-BF1D-402EE70200EE}.Debug|Any CPU.ActiveCfg = Debug|Any CPU
		{5A8010EC-21AF-41E0-BF1D-402EE70200EE}.Release|Any CPU.ActiveCfg = Release|Any CPU
		{5A8010EC-21AF-41E0-BF1D-402EE70200EE}.Release|Any CPU.Build.0 = Release|Any CPU
		{C5B7613D-2EE5-4880-8DF8-320E9CB926F0}.Debug|Any CPU.ActiveCfg = Debug|Any CPU
		{C5B7613D-2EE5-4880-8DF8-320E9CB926F0}.Debug|Any CPU.Build.0 = Debug|Any CPU
		{C5B7613D-2EE5-4880-8DF8-320E9CB926F0}.Release|Any CPU.ActiveCfg = Release|Any CPU
		{C5B7613D-2EE5-4880-8DF8-320E9CB926F0}.Release|Any CPU.Build.0 = Release|Any CPU
		{34AD2BD5-3F36-4C62-9504-A8987DED0B42}.Debug|Any CPU.ActiveCfg = Debug|Any CPU
		{34AD2BD5-3F36-4C62-9504-A8987DED0B42}.Release|Any CPU.ActiveCfg = Release|Any CPU
		{34AD2BD5-3F36-4C62-9504-A8987DED0B42}.Release|Any CPU.Build.0 = Release|Any CPU
		{C5E62329-DB15-42C8-800B-CAAFD4D6361A}.Debug|Any CPU.ActiveCfg = Debug|Any CPU
		{C5E62329-DB15-42C8-800B-CAAFD4D6361A}.Debug|Any CPU.Build.0 = Debug|Any CPU
		{C5E62329-DB15-42C8-800B-CAAFD4D6361A}.Debug|Any CPU.Deploy.0 = Debug|Any CPU
		{C5E62329-DB15-42C8-800B-CAAFD4D6361A}.Release|Any CPU.ActiveCfg = Release|Any CPU
		{C5E62329-DB15-42C8-800B-CAAFD4D6361A}.Release|Any CPU.Build.0 = Release|Any CPU
		{C5E62329-DB15-42C8-800B-CAAFD4D6361A}.Release|Any CPU.Deploy.0 = Release|Any CPU
	EndGlobalSection
	GlobalSection(SolutionProperties) = preSolution
		HideSolutionNode = FALSE
	EndGlobalSection
	GlobalSection(ExtensibilityGlobals) = postSolution
		SolutionGuid = {61F7FB11-1E47-470C-91E2-47F8143E1572}
	EndGlobalSection
EndGlobal
